
Microsoft Visual Studio Solution File, Format Version 12.00
# Visual Studio 15
VisualStudioVersion = 15.0.27130.2010
MinimumVisualStudioVersion = 10.0.40219.1
Project("{2150E333-8FDC-42A3-9474-1A3956D46DE8}") = "Web", "Web", "{25482F2A-E872-49AC-8845-5CF771EA99D9}"
EndProject
Project("{2150E333-8FDC-42A3-9474-1A3956D46DE8}") = "Core", "Core", "{E38DC5C1-AFC6-4B37-AA98-A61AF73EDBC7}"
EndProject
Project("{2150E333-8FDC-42A3-9474-1A3956D46DE8}") = "Client", "Client", "{474DB9AA-49DB-47E4-A2EC-92308C74CE6E}"
EndProject
Project("{2150E333-8FDC-42A3-9474-1A3956D46DE8}") = "Shared", "Shared", "{6864E3D4-9D0D-437A-A273-8113E58B6BF4}"
EndProject
Project("{FAE04EC0-301F-11D3-BF4B-00C04F79EFBC}") = "SBA.Web", "SBA.Web\SBA.Web.csproj", "{06D9B9DB-DA85-461F-B306-0F73291E60DF}"
EndProject
Project("{9A19103F-16F7-4668-BE54-9A1E7A4F7556}") = "SBA.DAL", "SBA.DAL\SBA.DAL.csproj", "{EE06CB41-6FEF-4FF6-860C-ED36BCCFCF5E}"
EndProject
Project("{9A19103F-16F7-4668-BE54-9A1E7A4F7556}") = "SBA.BOL", "SBA.BOL\SBA.BOL.csproj", "{65C5E630-A37D-490C-90D7-A80F53E12115}"
EndProject
Project("{2150E333-8FDC-42A3-9474-1A3956D46DE8}") = "Tests", "Tests", "{4A2CA101-A022-420D-81D3-AC1852D8B052}"
EndProject
Project("{FAE04EC0-301F-11D3-BF4B-00C04F79EFBC}") = "SBA.UnitTest", "SBA.UnitTest\SBA.UnitTest.csproj", "{90BF3407-76F3-4702-942F-8ECB32A6CE04}"
EndProject
Project("{FAE04EC0-301F-11D3-BF4B-00C04F79EFBC}") = "SBA.Core.App", "SBA.Core.App\SBA.Core.App.csproj", "{C3DD2F82-0DA5-4D8F-9E60-3BB2F80D6136}"
EndProject
Project("{FAE04EC0-301F-11D3-BF4B-00C04F79EFBC}") = "SBA.Core.BOL", "SBA.Core.BOL\SBA.Core.BOL.csproj", "{7F71F60B-2C89-42B2-A7EE-C9B946259491}"
EndProject
Project("{FAE04EC0-301F-11D3-BF4B-00C04F79EFBC}") = "SBA.Client.Wpf", "SBA.Client.Wpf\SBA.Client.Wpf.csproj", "{5766B283-B4FA-4F10-98A9-8EE07FD76388}"
EndProject
Project("{2150E333-8FDC-42A3-9474-1A3956D46DE8}") = "Diagrams", "Diagrams", "{82FB93B8-89DB-44AA-B72C-1967D2604871}"
EndProject
Project("{2150E333-8FDC-42A3-9474-1A3956D46DE8}") = "Client", "Client", "{9C34AEA2-B406-43C9-AB90-3219703F46E8}"
	ProjectSection(SolutionItems) = preProject
		C:\Users\Admin\Desktop\warstwy\Client\Client.mdj = C:\Users\Admin\Desktop\warstwy\Client\Client.mdj
		C:\Users\Admin\Desktop\warstwy\Client\Client.png = C:\Users\Admin\Desktop\warstwy\Client\Client.png
	EndProjectSection
EndProject
Project("{2150E333-8FDC-42A3-9474-1A3956D46DE8}") = "Core", "Core", "{86C865F9-9966-4DA6-ACA0-7E2BCC346C45}"
	ProjectSection(SolutionItems) = preProject
		C:\Users\Admin\Desktop\warstwy\Core\Core.mdj = C:\Users\Admin\Desktop\warstwy\Core\Core.mdj
		C:\Users\Admin\Desktop\warstwy\Core\Core.png = C:\Users\Admin\Desktop\warstwy\Core\Core.png
	EndProjectSection
EndProject
Project("{2150E333-8FDC-42A3-9474-1A3956D46DE8}") = "Komunikacja", "Komunikacja", "{A70EFD5F-B9C1-4919-B3D6-C9A9B19ED0C0}"
	ProjectSection(SolutionItems) = preProject
		C:\Users\Admin\Desktop\warstwy\Komunikacja\Komunikacja.mdj = C:\Users\Admin\Desktop\warstwy\Komunikacja\Komunikacja.mdj
		C:\Users\Admin\Desktop\warstwy\Komunikacja\Komunikacja.png = C:\Users\Admin\Desktop\warstwy\Komunikacja\Komunikacja.png
	EndProjectSection
EndProject
Project("{2150E333-8FDC-42A3-9474-1A3956D46DE8}") = "Shared", "Shared", "{1074C306-9DB6-4502-AFCF-C19E5AE57F29}"
	ProjectSection(SolutionItems) = preProject
		C:\Users\Admin\Desktop\warstwy\Shared\Shared.mdj = C:\Users\Admin\Desktop\warstwy\Shared\Shared.mdj
		C:\Users\Admin\Desktop\warstwy\Shared\Shared.png = C:\Users\Admin\Desktop\warstwy\Shared\Shared.png
	EndProjectSection
EndProject
Project("{2150E333-8FDC-42A3-9474-1A3956D46DE8}") = "Web", "Web", "{2950127F-C211-47B4-AEDF-611B8F8A0CCC}"
	ProjectSection(SolutionItems) = preProject
		C:\Users\Admin\Desktop\warstwy\Web\Web.mdj = C:\Users\Admin\Desktop\warstwy\Web\Web.mdj
		C:\Users\Admin\Desktop\warstwy\Web\Web.png = C:\Users\Admin\Desktop\warstwy\Web\Web.png
	EndProjectSection
EndProject
Project("{FAE04EC0-301F-11D3-BF4B-00C04F79EFBC}") = "SBA.Core.App.Diag", "SBA.Core.App.Diag\SBA.Core.App.Diag.csproj", "{E9881152-1956-469B-9458-37E4D5733823}"
EndProject
Global
	GlobalSection(SolutionConfigurationPlatforms) = preSolution
		Debug|Any CPU = Debug|Any CPU
		Release|Any CPU = Release|Any CPU
	EndGlobalSection
	GlobalSection(ProjectConfigurationPlatforms) = postSolution
		{06D9B9DB-DA85-461F-B306-0F73291E60DF}.Debug|Any CPU.ActiveCfg = Debug|Any CPU
		{06D9B9DB-DA85-461F-B306-0F73291E60DF}.Debug|Any CPU.Build.0 = Debug|Any CPU
		{06D9B9DB-DA85-461F-B306-0F73291E60DF}.Release|Any CPU.ActiveCfg = Release|Any CPU
		{06D9B9DB-DA85-461F-B306-0F73291E60DF}.Release|Any CPU.Build.0 = Release|Any CPU
		{EE06CB41-6FEF-4FF6-860C-ED36BCCFCF5E}.Debug|Any CPU.ActiveCfg = Debug|Any CPU
		{EE06CB41-6FEF-4FF6-860C-ED36BCCFCF5E}.Debug|Any CPU.Build.0 = Debug|Any CPU
		{EE06CB41-6FEF-4FF6-860C-ED36BCCFCF5E}.Release|Any CPU.ActiveCfg = Release|Any CPU
		{EE06CB41-6FEF-4FF6-860C-ED36BCCFCF5E}.Release|Any CPU.Build.0 = Release|Any CPU
		{65C5E630-A37D-490C-90D7-A80F53E12115}.Debug|Any CPU.ActiveCfg = Debug|Any CPU
		{65C5E630-A37D-490C-90D7-A80F53E12115}.Debug|Any CPU.Build.0 = Debug|Any CPU
		{65C5E630-A37D-490C-90D7-A80F53E12115}.Release|Any CPU.ActiveCfg = Release|Any CPU
		{65C5E630-A37D-490C-90D7-A80F53E12115}.Release|Any CPU.Build.0 = Release|Any CPU
		{90BF3407-76F3-4702-942F-8ECB32A6CE04}.Debug|Any CPU.ActiveCfg = Debug|Any CPU
		{90BF3407-76F3-4702-942F-8ECB32A6CE04}.Debug|Any CPU.Build.0 = Debug|Any CPU
		{90BF3407-76F3-4702-942F-8ECB32A6CE04}.Release|Any CPU.ActiveCfg = Release|Any CPU
		{90BF3407-76F3-4702-942F-8ECB32A6CE04}.Release|Any CPU.Build.0 = Release|Any CPU
		{C3DD2F82-0DA5-4D8F-9E60-3BB2F80D6136}.Debug|Any CPU.ActiveCfg = Debug|Any CPU
		{C3DD2F82-0DA5-4D8F-9E60-3BB2F80D6136}.Debug|Any CPU.Build.0 = Debug|Any CPU
		{C3DD2F82-0DA5-4D8F-9E60-3BB2F80D6136}.Release|Any CPU.ActiveCfg = Release|Any CPU
		{C3DD2F82-0DA5-4D8F-9E60-3BB2F80D6136}.Release|Any CPU.Build.0 = Release|Any CPU
		{7F71F60B-2C89-42B2-A7EE-C9B946259491}.Debug|Any CPU.ActiveCfg = Debug|Any CPU
		{7F71F60B-2C89-42B2-A7EE-C9B946259491}.Debug|Any CPU.Build.0 = Debug|Any CPU
		{7F71F60B-2C89-42B2-A7EE-C9B946259491}.Release|Any CPU.ActiveCfg = Release|Any CPU
		{7F71F60B-2C89-42B2-A7EE-C9B946259491}.Release|Any CPU.Build.0 = Release|Any CPU
		{5766B283-B4FA-4F10-98A9-8EE07FD76388}.Debug|Any CPU.ActiveCfg = Debug|Any CPU
		{5766B283-B4FA-4F10-98A9-8EE07FD76388}.Debug|Any CPU.Build.0 = Debug|Any CPU
		{5766B283-B4FA-4F10-98A9-8EE07FD76388}.Release|Any CPU.ActiveCfg = Release|Any CPU
		{5766B283-B4FA-4F10-98A9-8EE07FD76388}.Release|Any CPU.Build.0 = Release|Any CPU
		{E9881152-1956-469B-9458-37E4D5733823}.Debug|Any CPU.ActiveCfg = Debug|Any CPU
		{E9881152-1956-469B-9458-37E4D5733823}.Debug|Any CPU.Build.0 = Debug|Any CPU
		{E9881152-1956-469B-9458-37E4D5733823}.Release|Any CPU.ActiveCfg = Release|Any CPU
		{E9881152-1956-469B-9458-37E4D5733823}.Release|Any CPU.Build.0 = Release|Any CPU
	EndGlobalSection
	GlobalSection(SolutionProperties) = preSolution
		HideSolutionNode = FALSE
	EndGlobalSection
	GlobalSection(NestedProjects) = preSolution
		{06D9B9DB-DA85-461F-B306-0F73291E60DF} = {25482F2A-E872-49AC-8845-5CF771EA99D9}
		{EE06CB41-6FEF-4FF6-860C-ED36BCCFCF5E} = {6864E3D4-9D0D-437A-A273-8113E58B6BF4}
		{65C5E630-A37D-490C-90D7-A80F53E12115} = {6864E3D4-9D0D-437A-A273-8113E58B6BF4}
		{90BF3407-76F3-4702-942F-8ECB32A6CE04} = {4A2CA101-A022-420D-81D3-AC1852D8B052}
		{C3DD2F82-0DA5-4D8F-9E60-3BB2F80D6136} = {E38DC5C1-AFC6-4B37-AA98-A61AF73EDBC7}
		{7F71F60B-2C89-42B2-A7EE-C9B946259491} = {E38DC5C1-AFC6-4B37-AA98-A61AF73EDBC7}
		{5766B283-B4FA-4F10-98A9-8EE07FD76388} = {474DB9AA-49DB-47E4-A2EC-92308C74CE6E}
		{9C34AEA2-B406-43C9-AB90-3219703F46E8} = {82FB93B8-89DB-44AA-B72C-1967D2604871}
		{86C865F9-9966-4DA6-ACA0-7E2BCC346C45} = {82FB93B8-89DB-44AA-B72C-1967D2604871}
		{A70EFD5F-B9C1-4919-B3D6-C9A9B19ED0C0} = {82FB93B8-89DB-44AA-B72C-1967D2604871}
		{1074C306-9DB6-4502-AFCF-C19E5AE57F29} = {82FB93B8-89DB-44AA-B72C-1967D2604871}
		{2950127F-C211-47B4-AEDF-611B8F8A0CCC} = {82FB93B8-89DB-44AA-B72C-1967D2604871}
		{E9881152-1956-469B-9458-37E4D5733823} = {E38DC5C1-AFC6-4B37-AA98-A61AF73EDBC7}
	EndGlobalSection
	GlobalSection(ExtensibilityGlobals) = postSolution
		SolutionGuid = {66DC65A6-7495-415F-ABC5-7E804E4D8A2C}
	EndGlobalSection
EndGlobal
